
Microsoft Visual Studio Solution File, Format Version 12.00
# Visual Studio Version 17
VisualStudioVersion = 17.14.36511.14 d17.14
MinimumVisualStudioVersion = 10.0.40219.1
Project("{FAE04EC0-301F-11D3-BF4B-00C04F79EFBC}") = "WMK_Web", "WMK_Web\WMK_Web.csproj", "{A2E90C71-DFBB-45E2-A56B-8D8F807B83E4}"
EndProject
Global
	GlobalSection(SolutionConfigurationPlatforms) = preSolution
		Debug|Any CPU = Debug|Any CPU
		Release|Any CPU = Release|Any CPU
	EndGlobalSection
	GlobalSection(ProjectConfigurationPlatforms) = postSolution
		{A2E90C71-DFBB-45E2-A56B-8D8F807B83E4}.Debug|Any CPU.ActiveCfg = Debug|Any CPU
		{A2E90C71-DFBB-45E2-A56B-8D8F807B83E4}.Debug|Any CPU.Build.0 = Debug|Any CPU
		{A2E90C71-DFBB-45E2-A56B-8D8F807B83E4}.Release|Any CPU.ActiveCfg = Release|Any CPU
		{A2E90C71-DFBB-45E2-A56B-8D8F807B83E4}.Release|Any CPU.Build.0 = Release|Any CPU
	EndGlobalSection
	GlobalSection(SolutionProperties) = preSolution
		HideSolutionNode = FALSE
	EndGlobalSection
	GlobalSection(ExtensibilityGlobals) = postSolution
		SolutionGuid = {FBE3C900-FAED-49F6-91CD-3538039F9AF0}
	EndGlobalSection
EndGlobal
